
Microsoft Visual Studio Solution File, Format Version 12.00
# Visual Studio Version 17
VisualStudioVersion = 17.14.36518.9 d17.14
MinimumVisualStudioVersion = 10.0.40219.1
Project("{FAE04EC0-301F-11D3-BF4B-00C04F79EFBC}") = "MauiAppMinhasCompras1", "MauiAppMinhasCompras1\MauiAppMinhasCompras1.csproj", "{092908F7-1DCC-4F55-A124-ED39CCB382DF}"
EndProject
Global
	GlobalSection(SolutionConfigurationPlatforms) = preSolution
		Debug|Any CPU = Debug|Any CPU
		Release|Any CPU = Release|Any CPU
	EndGlobalSection
	GlobalSection(ProjectConfigurationPlatforms) = postSolution
		{092908F7-1DCC-4F55-A124-ED39CCB382DF}.Debug|Any CPU.ActiveCfg = Debug|Any CPU
		{092908F7-1DCC-4F55-A124-ED39CCB382DF}.Debug|Any CPU.Build.0 = Debug|Any CPU
		{092908F7-1DCC-4F55-A124-ED39CCB382DF}.Release|Any CPU.ActiveCfg = Release|Any CPU
		{092908F7-1DCC-4F55-A124-ED39CCB382DF}.Release|Any CPU.Build.0 = Release|Any CPU
	EndGlobalSection
	GlobalSection(SolutionProperties) = preSolution
		HideSolutionNode = FALSE
	EndGlobalSection
	GlobalSection(ExtensibilityGlobals) = postSolution
		SolutionGuid = {60B954E4-9DC2-4A40-B5EB-1C3F8744388B}
	EndGlobalSection
EndGlobal
